
Microsoft Visual Studio Solution File, Format Version 12.00
# Visual Studio Version 16
VisualStudioVersion = 25.0.1706.0
MinimumVisualStudioVersion = 10.0.40219.1
Project("{FAE04EC0-301F-11D3-BF4B-00C04F79EFBC}") = "TeacherStudentApp", "TeacherStudentApp.csproj", "{FE9D27AB-F720-4085-81B0-D2D0D421DAF0}"
EndProject
Project("{FAE04EC0-301F-11D3-BF4B-00C04F79EFBC}") = "Application", "..\Application\Application.csproj", "{9333EA80-39E1-46F6-9956-CC404D0AB7F1}"
EndProject
Project("{FAE04EC0-301F-11D3-BF4B-00C04F79EFBC}") = "Domain", "..\Domain\Domain.csproj", "{4EF46FA8-4E51-4338-9C90-DEA0E7D6E689}"
EndProject
Project("{FAE04EC0-301F-11D3-BF4B-00C04F79EFBC}") = "Infrastructure", "..\Infrastructure\Infrastructure.csproj", "{B71F0BC0-B8E4-4F9F-9918-1F3B38115134}"
EndProject
Project("{FAE04EC0-301F-11D3-BF4B-00C04F79EFBC}") = "Persistence", "..\Persistence\Persistence.csproj", "{42C6D999-B9F9-48B3-A2AB-0BEC5E9B69CD}"
EndProject
Global
	GlobalSection(SolutionConfigurationPlatforms) = preSolution
		Debug|Any CPU = Debug|Any CPU
		Release|Any CPU = Release|Any CPU
	EndGlobalSection
	GlobalSection(ProjectConfigurationPlatforms) = postSolution
		{FE9D27AB-F720-4085-81B0-D2D0D421DAF0}.Debug|Any CPU.ActiveCfg = Debug|Any CPU
		{FE9D27AB-F720-4085-81B0-D2D0D421DAF0}.Debug|Any CPU.Build.0 = Debug|Any CPU
		{FE9D27AB-F720-4085-81B0-D2D0D421DAF0}.Release|Any CPU.ActiveCfg = Release|Any CPU
		{FE9D27AB-F720-4085-81B0-D2D0D421DAF0}.Release|Any CPU.Build.0 = Release|Any CPU
		{9333EA80-39E1-46F6-9956-CC404D0AB7F1}.Debug|Any CPU.ActiveCfg = Debug|Any CPU
		{9333EA80-39E1-46F6-9956-CC404D0AB7F1}.Debug|Any CPU.Build.0 = Debug|Any CPU
		{9333EA80-39E1-46F6-9956-CC404D0AB7F1}.Release|Any CPU.ActiveCfg = Release|Any CPU
		{9333EA80-39E1-46F6-9956-CC404D0AB7F1}.Release|Any CPU.Build.0 = Release|Any CPU
		{4EF46FA8-4E51-4338-9C90-DEA0E7D6E689}.Debug|Any CPU.ActiveCfg = Debug|Any CPU
		{4EF46FA8-4E51-4338-9C90-DEA0E7D6E689}.Debug|Any CPU.Build.0 = Debug|Any CPU
		{4EF46FA8-4E51-4338-9C90-DEA0E7D6E689}.Release|Any CPU.ActiveCfg = Release|Any CPU
		{4EF46FA8-4E51-4338-9C90-DEA0E7D6E689}.Release|Any CPU.Build.0 = Release|Any CPU
		{B71F0BC0-B8E4-4F9F-9918-1F3B38115134}.Debug|Any CPU.ActiveCfg = Debug|Any CPU
		{B71F0BC0-B8E4-4F9F-9918-1F3B38115134}.Debug|Any CPU.Build.0 = Debug|Any CPU
		{B71F0BC0-B8E4-4F9F-9918-1F3B38115134}.Release|Any CPU.ActiveCfg = Release|Any CPU
		{B71F0BC0-B8E4-4F9F-9918-1F3B38115134}.Release|Any CPU.Build.0 = Release|Any CPU
		{42C6D999-B9F9-48B3-A2AB-0BEC5E9B69CD}.Debug|Any CPU.ActiveCfg = Debug|Any CPU
		{42C6D999-B9F9-48B3-A2AB-0BEC5E9B69CD}.Debug|Any CPU.Build.0 = Debug|Any CPU
		{42C6D999-B9F9-48B3-A2AB-0BEC5E9B69CD}.Release|Any CPU.ActiveCfg = Release|Any CPU
		{42C6D999-B9F9-48B3-A2AB-0BEC5E9B69CD}.Release|Any CPU.Build.0 = Release|Any CPU
	EndGlobalSection
	GlobalSection(SolutionProperties) = preSolution
		HideSolutionNode = FALSE
	EndGlobalSection
	GlobalSection(ExtensibilityGlobals) = postSolution
		SolutionGuid = {4660AEAB-1AC0-4060-A34D-4C4F94516440}
	EndGlobalSection
EndGlobal
